
Microsoft Visual Studio Solution File, Format Version 12.00
# Visual Studio Version 16
VisualStudioVersion = 16.0.31129.286
MinimumVisualStudioVersion = 10.0.40219.1
Project("{9A19103F-16F7-4668-BE54-9A1E7A4F7556}") = "BaseApp.Api", "src\baseapp.api\BaseApp.Api.csproj", "{8C6CEE24-F9B6-4D76-933F-565F55BBFC26}"
EndProject
Project("{9A19103F-16F7-4668-BE54-9A1E7A4F7556}") = "BaseApp.Domain", "src\baseapp.domain\BaseApp.Domain.csproj", "{B5F5C407-94C5-441D-ABC4-7EC9A6F703DE}"
EndProject
Project("{9A19103F-16F7-4668-BE54-9A1E7A4F7556}") = "BaseApp.Application", "src\baseapp.application\BaseApp.Application.csproj", "{8FAEF30C-D9B9-406D-AF75-68AA7E62470B}"
EndProject
Project("{9A19103F-16F7-4668-BE54-9A1E7A4F7556}") = "BaseApp.Common", "src\baseapp.common\BaseApp.Common.csproj", "{C5767F76-DF8D-4FE2-A357-AE3B88C76322}"
EndProject
Project("{9A19103F-16F7-4668-BE54-9A1E7A4F7556}") = "BaseApp.Infra.CrossCutting", "src\baseapp.infra.crosscutting\BaseApp.Infra.CrossCutting.csproj", "{C3A1C2AF-6365-4185-A51B-4765EC72CE81}"
EndProject
Project("{9A19103F-16F7-4668-BE54-9A1E7A4F7556}") = "BaseApp.Infra.Data", "src\baseapp.infra.data\BaseApp.Infra.Data.csproj", "{BA519E8B-0DE1-49E2-8E7E-61337FD176B1}"
EndProject
Global
	GlobalSection(SolutionConfigurationPlatforms) = preSolution
		Debug|Any CPU = Debug|Any CPU
		Release|Any CPU = Release|Any CPU
	EndGlobalSection
	GlobalSection(ProjectConfigurationPlatforms) = postSolution
		{8C6CEE24-F9B6-4D76-933F-565F55BBFC26}.Debug|Any CPU.ActiveCfg = Debug|Any CPU
		{8C6CEE24-F9B6-4D76-933F-565F55BBFC26}.Debug|Any CPU.Build.0 = Debug|Any CPU
		{8C6CEE24-F9B6-4D76-933F-565F55BBFC26}.Release|Any CPU.ActiveCfg = Release|Any CPU
		{8C6CEE24-F9B6-4D76-933F-565F55BBFC26}.Release|Any CPU.Build.0 = Release|Any CPU
		{B5F5C407-94C5-441D-ABC4-7EC9A6F703DE}.Debug|Any CPU.ActiveCfg = Debug|Any CPU
		{B5F5C407-94C5-441D-ABC4-7EC9A6F703DE}.Debug|Any CPU.Build.0 = Debug|Any CPU
		{B5F5C407-94C5-441D-ABC4-7EC9A6F703DE}.Release|Any CPU.ActiveCfg = Release|Any CPU
		{B5F5C407-94C5-441D-ABC4-7EC9A6F703DE}.Release|Any CPU.Build.0 = Release|Any CPU
		{8FAEF30C-D9B9-406D-AF75-68AA7E62470B}.Debug|Any CPU.ActiveCfg = Debug|Any CPU
		{8FAEF30C-D9B9-406D-AF75-68AA7E62470B}.Debug|Any CPU.Build.0 = Debug|Any CPU
		{8FAEF30C-D9B9-406D-AF75-68AA7E62470B}.Release|Any CPU.ActiveCfg = Release|Any CPU
		{8FAEF30C-D9B9-406D-AF75-68AA7E62470B}.Release|Any CPU.Build.0 = Release|Any CPU
		{C5767F76-DF8D-4FE2-A357-AE3B88C76322}.Debug|Any CPU.ActiveCfg = Debug|Any CPU
		{C5767F76-DF8D-4FE2-A357-AE3B88C76322}.Debug|Any CPU.Build.0 = Debug|Any CPU
		{C5767F76-DF8D-4FE2-A357-AE3B88C76322}.Release|Any CPU.ActiveCfg = Release|Any CPU
		{C5767F76-DF8D-4FE2-A357-AE3B88C76322}.Release|Any CPU.Build.0 = Release|Any CPU
		{C3A1C2AF-6365-4185-A51B-4765EC72CE81}.Debug|Any CPU.ActiveCfg = Debug|Any CPU
		{C3A1C2AF-6365-4185-A51B-4765EC72CE81}.Debug|Any CPU.Build.0 = Debug|Any CPU
		{C3A1C2AF-6365-4185-A51B-4765EC72CE81}.Release|Any CPU.ActiveCfg = Release|Any CPU
		{C3A1C2AF-6365-4185-A51B-4765EC72CE81}.Release|Any CPU.Build.0 = Release|Any CPU
		{BA519E8B-0DE1-49E2-8E7E-61337FD176B1}.Debug|Any CPU.ActiveCfg = Debug|Any CPU
		{BA519E8B-0DE1-49E2-8E7E-61337FD176B1}.Debug|Any CPU.Build.0 = Debug|Any CPU
		{BA519E8B-0DE1-49E2-8E7E-61337FD176B1}.Release|Any CPU.ActiveCfg = Release|Any CPU
		{BA519E8B-0DE1-49E2-8E7E-61337FD176B1}.Release|Any CPU.Build.0 = Release|Any CPU
	EndGlobalSection
	GlobalSection(SolutionProperties) = preSolution
		HideSolutionNode = FALSE
	EndGlobalSection
	GlobalSection(ExtensibilityGlobals) = postSolution
		SolutionGuid = {9423B663-F4C3-4C40-8DE8-B5932681077B}
	EndGlobalSection
EndGlobal
